PODS:
  - FMDB (2.5):
    - FMDB/standard (= 2.5)
  - FMDB/common (2.5)
  - FMDB/standard (2.5):
    - FMDB/common
  - MASShortcut (2.3.1)

DEPENDENCIES:
  - FMDB
  - MASShortcut

SPEC CHECKSUMS:
  FMDB: 96e8f1bcc1329e269330f99770ad4285d9003e52
  MASShortcut: 865f14caa35979ded96ca3863dc073c109982db8

PODFILE CHECKSUM: 18ddd52898e0fc93c5ccf8961e3e4d7ebb75f48e

COCOAPODS: 1.1.1
